// !$*UTF8*$!
{
	archiveVersion = 1;
	classes = {
	};
	objectVersion = 56;
	objects = {

/* Begin PBXBuildFile section */
		296204AD2B7304E900EBAEAE /* Icebreaker_Bansal_S24App.swift in Sources */ = {isa = PBXBuildFile; fileRef = 296204AC2B7304E900EBAEAE /* Icebreaker_Bansal_S24App.swift */; };
		296204AF2B7304E900EBAEAE /* ContentView.swift in Sources */ = {isa = PBXBuildFile; fileRef = 296204AE2B7304E900EBAEAE /* ContentView.swift */; };
		296204B12B7304EA00EBAEAE /* Assets.xcassets in Resources */ = {isa = PBXBuildFile; fileRef = 296204B02B7304EA00EBAEAE /* Assets.xcassets */; };
		296204B42B7304EA00EBAEAE /* Preview Assets.xcassets in Resources */ = {isa = PBXBuildFile; fileRef = 296204B32B7304EA00EBAEAE /* Preview Assets.xcassets */; };
		296204BB2B73092400EBAEAE /* .gitignore in Resources */ = {isa = PBXBuildFile; fileRef = 296204BA2B73092400EBAEAE /* .gitignore */; };
		296204BD2B73102400EBAEAE /* Question.swift in Sources */ = {isa = PBXBuildFile; fileRef = 296204BC2B73102400EBAEAE /* Question.swift */; };
		296204BF2B7313A200EBAEAE /* GoogleService-Info.plist in Resources */ = {isa = PBXBuildFile; fileRef = 296204BE2B7313A200EBAEAE /* GoogleService-Info.plist */; };
		296204C22B73146200EBAEAE /* FirebaseAnalytics in Frameworks */ = {isa = PBXBuildFile; productRef = 296204C12B73146200EBAEAE /* FirebaseAnalytics */; };
		296204C42B73146200EBAEAE /* FirebaseAnalyticsOnDeviceConversion in Frameworks */ = {isa = PBXBuildFile; productRef = 296204C32B73146200EBAEAE /* FirebaseAnalyticsOnDeviceConversion */; };
		296204C62B73146200EBAEAE /* FirebaseAnalyticsSwift in Frameworks */ = {isa = PBXBuildFile; productRef = 296204C52B73146200EBAEAE /* FirebaseAnalyticsSwift */; };
		296204C82B73146200EBAEAE /* FirebaseAnalyticsWithoutAdIdSupport in Frameworks */ = {isa = PBXBuildFile; productRef = 296204C72B73146200EBAEAE /* FirebaseAnalyticsWithoutAdIdSupport */; };
		296204CA2B73146200EBAEAE /* FirebaseAppCheck in Frameworks */ = {isa = PBXBuildFile; productRef = 296204C92B73146200EBAEAE /* FirebaseAppCheck */; };
		296204CD2B73180100EBAEAE /* FirebaseFirestore in Frameworks */ = {isa = PBXBuildFile; productRef = 296204CC2B73180100EBAEAE /* FirebaseFirestore */; };
		296204CF2B73FB9000EBAEAE /* StudentData.swift in Sources */ = {isa = PBXBuildFile; fileRef = 296204CE2B73FB9000EBAEAE /* StudentData.swift */; };
		296204D12B73FC8000EBAEAE /* Student.swift in Sources */ = {isa = PBXBuildFile; fileRef = 296204D02B73FC8000EBAEAE /* Student.swift */; };
		29FDF2522B74692E00C13A16 /* IceBreakerForm.swift in Sources */ = {isa = PBXBuildFile; fileRef = 29FDF2512B74692E00C13A16 /* IceBreakerForm.swift */; };
/* End PBXBuildFile section */

/* Begin PBXFileReference section */
		296204A92B7304E900EBAEAE /* Icebreaker-Bansal-S24.app */ = {isa = PBXFileReference; explicitFileType = wrapper.application; includeInIndex = 0; path = "Icebreaker-Bansal-S24.app"; sourceTree = BUILT_PRODUCTS_DIR; };
		296204AC2B7304E900EBAEAE /* Icebreaker_Bansal_S24App.swift */ = {isa = PBXFileReference; lastKnownFileType = sourcecode.swift; path = Icebreaker_Bansal_S24App.swift; sourceTree = "<group>"; };
		296204AE2B7304E900EBAEAE /* ContentView.swift */ = {isa = PBXFileReference; lastKnownFileType = sourcecode.swift; path = ContentView.swift; sourceTree = "<group>"; };
		296204B02B7304EA00EBAEAE /* Assets.xcassets */ = {isa = PBXFileReference; lastKnownFileType = folder.assetcatalog; path = Assets.xcassets; sourceTree = "<group>"; };
		296204B32B7304EA00EBAEAE /* Preview Assets.xcassets */ = {isa = PBXFileReference; lastKnownFileType = folder.assetcatalog; path = "Preview Assets.xcassets"; sourceTree = "<group>"; };
		296204BA2B73092400EBAEAE /* .gitignore */ = {isa = PBXFileReference; lastKnownFileType = text; name = .gitignore; path = "Icebreaker-Bansal-S24/.gitignore"; sourceTree = "<group>"; };
		296204BC2B73102400EBAEAE /* Question.swift */ = {isa = PBXFileReference; lastKnownFileType = sourcecode.swift; path = Question.swift; sourceTree = "<group>"; };
		296204BE2B7313A200EBAEAE /* GoogleService-Info.plist */ = {isa = PBXFileReference; fileEncoding = 4; lastKnownFileType = text.plist.xml; path = "GoogleService-Info.plist"; sourceTree = "<group>"; };
		296204CE2B73FB9000EBAEAE /* StudentData.swift */ = {isa = PBXFileReference; lastKnownFileType = sourcecode.swift; path = StudentData.swift; sourceTree = "<group>"; };
		296204D02B73FC8000EBAEAE /* Student.swift */ = {isa = PBXFileReference; lastKnownFileType = sourcecode.swift; path = Student.swift; sourceTree = "<group>"; };
		29FDF2512B74692E00C13A16 /* IceBreakerForm.swift */ = {isa = PBXFileReference; lastKnownFileType = sourcecode.swift; path = IceBreakerForm.swift; sourceTree = "<group>"; };
/* End PBXFileReference section */

/* Begin PBXFrameworksBuildPhase section */
		296204A62B7304E900EBAEAE /* Frameworks */ = {
			isa = PBXFrameworksBuildPhase;
			buildActionMask = 2147483647;
			files = (
				296204C62B73146200EBAEAE /* FirebaseAnalyticsSwift in Frameworks */,
				296204C22B73146200EBAEAE /* FirebaseAnalytics in Frameworks */,
				296204C42B73146200EBAEAE /* FirebaseAnalyticsOnDeviceConversion in Frameworks */,
				296204CA2B73146200EBAEAE /* FirebaseAppCheck in Frameworks */,
				296204C82B73146200EBAEAE /* FirebaseAnalyticsWithoutAdIdSupport in Frameworks */,
				296204CD2B73180100EBAEAE /* FirebaseFirestore in Frameworks */,
			);
			runOnlyForDeploymentPostprocessing = 0;
		};
/* End PBXFrameworksBuildPhase section */

/* Begin PBXGroup section */
		296204A02B7304E900EBAEAE = {
			isa = PBXGroup;
			children = (
				296204BE2B7313A200EBAEAE /* GoogleService-Info.plist */,
				296204BA2B73092400EBAEAE /* .gitignore */,
				296204AB2B7304E900EBAEAE /* Icebreaker-Bansal-S24 */,
				296204AA2B7304E900EBAEAE /* Products */,
				296204CB2B73180100EBAEAE /* Frameworks */,
			);
			sourceTree = "<group>";
		};
		296204AA2B7304E900EBAEAE /* Products */ = {
			isa = PBXGroup;
			children = (
				296204A92B7304E900EBAEAE /* Icebreaker-Bansal-S24.app */,
			);
			name = Products;
			sourceTree = "<group>";
		};
		296204AB2B7304E900EBAEAE /* Icebreaker-Bansal-S24 */ = {
			isa = PBXGroup;
			children = (
				296204AC2B7304E900EBAEAE /* Icebreaker_Bansal_S24App.swift */,
				296204AE2B7304E900EBAEAE /* ContentView.swift */,
				296204CE2B73FB9000EBAEAE /* StudentData.swift */,
				29FDF2512B74692E00C13A16 /* IceBreakerForm.swift */,
				296204BC2B73102400EBAEAE /* Question.swift */,
				296204D02B73FC8000EBAEAE /* Student.swift */,
				296204B02B7304EA00EBAEAE /* Assets.xcassets */,
				296204B22B7304EA00EBAEAE /* Preview Content */,
			);
			path = "Icebreaker-Bansal-S24";
			sourceTree = "<group>";
		};
		296204B22B7304EA00EBAEAE /* Preview Content */ = {
			isa = PBXGroup;
			children = (
				296204B32B7304EA00EBAEAE /* Preview Assets.xcassets */,
			);
			path = "Preview Content";
			sourceTree = "<group>";
		};
		296204CB2B73180100EBAEAE /* Frameworks */ = {
			isa = PBXGroup;
			children = (
			);
			name = Frameworks;
			sourceTree = "<group>";
		};
/* End PBXGroup section */

/* Begin PBXNativeTarget section */
		296204A82B7304E900EBAEAE /* Icebreaker-Bansal-S24 */ = {
			isa = PBXNativeTarget;
			buildConfigurationList = 296204B72B7304EA00EBAEAE /* Build configuration list for PBXNativeTarget "Icebreaker-Bansal-S24" */;
			buildPhases = (
				296204A52B7304E900EBAEAE /* Sources */,
				296204A62B7304E900EBAEAE /* Frameworks */,
				296204A72B7304E900EBAEAE /* Resources */,
			);
			buildRules = (
			);
			dependencies = (
			);
			name = "Icebreaker-Bansal-S24";
			packageProductDependencies = (
				296204C12B73146200EBAEAE /* FirebaseAnalytics */,
				296204C32B73146200EBAEAE /* FirebaseAnalyticsOnDeviceConversion */,
				296204C52B73146200EBAEAE /* FirebaseAnalyticsSwift */,
				296204C72B73146200EBAEAE /* FirebaseAnalyticsWithoutAdIdSupport */,
				296204C92B73146200EBAEAE /* FirebaseAppCheck */,
				296204CC2B73180100EBAEAE /* FirebaseFirestore */,
			);
			productName = "Icebreaker-Bansal-S24";
			productReference = 296204A92B7304E900EBAEAE /* Icebreaker-Bansal-S24.app */;
			productType = "com.apple.product-type.application";
		};
/* End PBXNativeTarget section */

/* Begin PBXProject section */
		296204A12B7304E900EBAEAE /* Project object */ = {
			isa = PBXProject;
			attributes = {
				BuildIndependentTargetsInParallel = 1;
				LastSwiftUpdateCheck = 1520;
				LastUpgradeCheck = 1520;
				TargetAttributes = {
					296204A82B7304E900EBAEAE = {
						CreatedOnToolsVersion = 15.2;
					};
				};
			};
			buildConfigurationList = 296204A42B7304E900EBAEAE /* Build configuration list for PBXProject "Icebreaker-Bansal-S24" */;
			compatibilityVersion = "Xcode 14.0";
			developmentRegion = en;
			hasScannedForEncodings = 0;
			knownRegions = (
				en,
				Base,
			);
			mainGroup = 296204A02B7304E900EBAEAE;
			packageReferences = (
				296204C02B73146200EBAEAE /* XCRemoteSwiftPackageReference "firebase-ios-sdk" */,
			);
			productRefGroup = 296204AA2B7304E900EBAEAE /* Products */;
			projectDirPath = "";
			projectRoot = "";
			targets = (
				296204A82B7304E900EBAEAE /* Icebreaker-Bansal-S24 */,
			);
		};
/* End PBXProject section */

/* Begin PBXResourcesBuildPhase section */
		296204A72B7304E900EBAEAE /* Resources */ = {
			isa = PBXResourcesBuildPhase;
			buildActionMask = 2147483647;
			files = (
				296204B42B7304EA00EBAEAE /* Preview Assets.xcassets in Resources */,
				296204BF2B7313A200EBAEAE /* GoogleService-Info.plist in Resources */,
				296204BB2B73092400EBAEAE /* .gitignore in Resources */,
				296204B12B7304EA00EBAEAE /* Assets.xcassets in Resources */,
			);
			runOnlyForDeploymentPostprocessing = 0;
		};
/* End PBXResourcesBuildPhase section */

/* Begin PBXSourcesBuildPhase section */
		296204A52B7304E900EBAEAE /* Sources */ = {
			isa = PBXSourcesBuildPhase;
			buildActionMask = 2147483647;
			files = (
				296204BD2B73102400EBAEAE /* Question.swift in Sources */,
				296204CF2B73FB9000EBAEAE /* StudentData.swift in Sources */,
				296204AF2B7304E900EBAEAE /* ContentView.swift in Sources */,
				296204D12B73FC8000EBAEAE /* Student.swift in Sources */,
				29FDF2522B74692E00C13A16 /* IceBreakerForm.swift in Sources */,
				296204AD2B7304E900EBAEAE /* Icebreaker_Bansal_S24App.swift in Sources */,
			);
			runOnlyForDeploymentPostprocessing = 0;
		};
/* End PBXSourcesBuildPhase section */

/* Begin XCBuildConfiguration section */
		296204B52B7304EA00EBAEAE /* Debug */ = {
			isa = XCBuildConfiguration;
			buildSettings = {
				ALWAYS_SEARCH_USER_PATHS = NO;
				ASSETCATALOG_COMPILER_GENERATE_SWIFT_ASSET_SYMBOL_EXTENSIONS = YES;
				CLANG_ANALYZER_NONNULL = YES;
				CLANG_ANALYZER_NUMBER_OBJECT_CONVERSION = YES_AGGRESSIVE;
				CLANG_CXX_LANGUAGE_STANDARD = "gnu++20";
				CLANG_ENABLE_MODULES = YES;
				CLANG_ENABLE_OBJC_ARC = YES;
				CLANG_ENABLE_OBJC_WEAK = YES;
				CLANG_WARN_BLOCK_CAPTURE_AUTORELEASING = YES;
				CLANG_WARN_BOOL_CONVERSION = YES;
				CLANG_WARN_COMMA = YES;
				CLANG_WARN_CONSTANT_CONVERSION = YES;
				CLANG_WARN_DEPRECATED_OBJC_IMPLEMENTATIONS = YES;
				CLANG_WARN_DIRECT_OBJC_ISA_USAGE = YES_ERROR;
				CLANG_WARN_DOCUMENTATION_COMMENTS = YES;
				CLANG_WARN_EMPTY_BODY = YES;
				CLANG_WARN_ENUM_CONVERSION = YES;
				CLANG_WARN_INFINITE_RECURSION = YES;
				CLANG_WARN_INT_CONVERSION = YES;
				CLANG_WARN_NON_LITERAL_NULL_CONVERSION = YES;
				CLANG_WARN_OBJC_IMPLICIT_RETAIN_SELF = YES;
				CLANG_WARN_OBJC_LITERAL_CONVERSION = YES;
				CLANG_WARN_OBJC_ROOT_CLASS = YES_ERROR;
				CLANG_WARN_QUOTED_INCLUDE_IN_FRAMEWORK_HEADER = YES;
				CLANG_WARN_RANGE_LOOP_ANALYSIS = YES;
				CLANG_WARN_STRICT_PROTOTYPES = YES;
				CLANG_WARN_SUSPICIOUS_MOVE = YES;
				CLANG_WARN_UNGUARDED_AVAILABILITY = YES_AGGRESSIVE;
				CLANG_WARN_UNREACHABLE_CODE = YES;
				CLANG_WARN__DUPLICATE_METHOD_MATCH = YES;
				COPY_PHASE_STRIP = NO;
				DEBUG_INFORMATION_FORMAT = dwarf;
				ENABLE_STRICT_OBJC_MSGSEND = YES;
				ENABLE_TESTABILITY = YES;
				ENABLE_USER_SCRIPT_SANDBOXING = YES;
				GCC_C_LANGUAGE_STANDARD = gnu17;
				GCC_DYNAMIC_NO_PIC = NO;
				GCC_NO_COMMON_BLOCKS = YES;
				GCC_OPTIMIZATION_LEVEL = 0;
				GCC_PREPROCESSOR_DEFINITIONS = (
					"DEBUG=1",
					"$(inherited)",
				);
				GCC_WARN_64_TO_32_BIT_CONVERSION = YES;
				GCC_WARN_ABOUT_RETURN_TYPE = YES_ERROR;
				GCC_WARN_UNDECLARED_SELECTOR = YES;
				GCC_WARN_UNINITIALIZED_AUTOS = YES_AGGRESSIVE;
				GCC_WARN_UNUSED_FUNCTION = YES;
				GCC_WARN_UNUSED_VARIABLE = YES;
				IPHONEOS_DEPLOYMENT_TARGET = 17.2;
				LOCALIZATION_PREFERS_STRING_CATALOGS = YES;
				MTL_ENABLE_DEBUG_INFO = INCLUDE_SOURCE;
				MTL_FAST_MATH = YES;
				ONLY_ACTIVE_ARCH = YES;
				SDKROOT = iphoneos;
				SWIFT_ACTIVE_COMPILATION_CONDITIONS = "DEBUG $(inherited)";
				SWIFT_OPTIMIZATION_LEVEL = "-Onone";
			};
			name = Debug;
		};
		296204B62B7304EA00EBAEAE /* Release */ = {
			isa = XCBuildConfiguration;
			buildSettings = {
				ALWAYS_SEARCH_USER_PATHS = NO;
				ASSETCATALOG_COMPILER_GENERATE_SWIFT_ASSET_SYMBOL_EXTENSIONS = YES;
				CLANG_ANALYZER_NONNULL = YES;
				CLANG_ANALYZER_NUMBER_OBJECT_CONVERSION = YES_AGGRESSIVE;
				CLANG_CXX_LANGUAGE_STANDARD = "gnu++20";
				CLANG_ENABLE_MODULES = YES;
				CLANG_ENABLE_OBJC_ARC = YES;
				CLANG_ENABLE_OBJC_WEAK = YES;
				CLANG_WARN_BLOCK_CAPTURE_AUTORELEASING = YES;
				CLANG_WARN_BOOL_CONVERSION = YES;
				CLANG_WARN_COMMA = YES;
				CLANG_WARN_CONSTANT_CONVERSION = YES;
				CLANG_WARN_DEPRECATED_OBJC_IMPLEMENTATIONS = YES;
				CLANG_WARN_DIRECT_OBJC_ISA_USAGE = YES_ERROR;
				CLANG_WARN_DOCUMENTATION_COMMENTS = YES;
				CLANG_WARN_EMPTY_BODY = YES;
				CLANG_WARN_ENUM_CONVERSION = YES;
				CLANG_WARN_INFINITE_RECURSION = YES;
				CLANG_WARN_INT_CONVERSION = YES;
				CLANG_WARN_NON_LITERAL_NULL_CONVERSION = YES;
				CLANG_WARN_OBJC_IMPLICIT_RETAIN_SELF = YES;
				CLANG_WARN_OBJC_LITERAL_CONVERSION = YES;
				CLANG_WARN_OBJC_ROOT_CLASS = YES_ERROR;
				CLANG_WARN_QUOTED_INCLUDE_IN_FRAMEWORK_HEADER = YES;
				CLANG_WARN_RANGE_LOOP_ANALYSIS = YES;
				CLANG_WARN_STRICT_PROTOTYPES = YES;
				CLANG_WARN_SUSPICIOUS_MOVE = YES;
				CLANG_WARN_UNGUARDED_AVAILABILITY = YES_AGGRESSIVE;
				CLANG_WARN_UNREACHABLE_CODE = YES;
				CLANG_WARN__DUPLICATE_METHOD_MATCH = YES;
				COPY_PHASE_STRIP = NO;
				DEBUG_INFORMATION_FORMAT = "dwarf-with-dsym";
				ENABLE_NS_ASSERTIONS = NO;
				ENABLE_STRICT_OBJC_MSGSEND = YES;
				ENABLE_USER_SCRIPT_SANDBOXING = YES;
				GCC_C_LANGUAGE_STANDARD = gnu17;
				GCC_NO_COMMON_BLOCKS = YES;
				GCC_WARN_64_TO_32_BIT_CONVERSION = YES;
				GCC_WARN_ABOUT_RETURN_TYPE = YES_ERROR;
				GCC_WARN_UNDECLARED_SELECTOR = YES;
				GCC_WARN_UNINITIALIZED_AUTOS = YES_AGGRESSIVE;
				GCC_WARN_UNUSED_FUNCTION = YES;
				GCC_WARN_UNUSED_VARIABLE = YES;
				IPHONEOS_DEPLOYMENT_TARGET = 17.2;
				LOCALIZATION_PREFERS_STRING_CATALOGS = YES;
				MTL_ENABLE_DEBUG_INFO = NO;
				MTL_FAST_MATH = YES;
				SDKROOT = iphoneos;
				SWIFT_COMPILATION_MODE = wholemodule;
				VALIDATE_PRODUCT = YES;
			};
			name = Release;
		};
		296204B82B7304EA00EBAEAE /* Debug */ = {
			isa = XCBuildConfiguration;
			buildSettings = {
				ASSETCATALOG_COMPILER_APPICON_NAME = AppIcon;
				ASSETCATALOG_COMPILER_GLOBAL_ACCENT_COLOR_NAME = AccentColor;
				CODE_SIGN_STYLE = Automatic;
				CURRENT_PROJECT_VERSION = 1;
				DEVELOPMENT_ASSET_PATHS = "\"Icebreaker-Bansal-S24/Preview Content\"";
				DEVELOPMENT_TEAM = VSBD8Q83DP;
				ENABLE_PREVIEWS = YES;
				GENERATE_INFOPLIST_FILE = YES;
				INFOPLIST_KEY_UIApplicationSceneManifest_Generation = YES;
				INFOPLIST_KEY_UIApplicationSupportsIndirectInputEvents = YES;
				INFOPLIST_KEY_UILaunchScreen_Generation = YES;
				INFOPLIST_KEY_UISupportedInterfaceOrientations_iPad = "UIInterfaceOrientationPortrait UIInterfaceOrientationPortraitUpsideDown UIInterfaceOrientationLandscapeLeft UIInterfaceOrientationLandscapeRight";
				INFOPLIST_KEY_UISupportedInterfaceOrientations_iPhone = "UIInterfaceOrientationPortrait UIInterfaceOrientationLandscapeLeft UIInterfaceOrientationLandscapeRight";
				LD_RUNPATH_SEARCH_PATHS = (
					"$(inherited)",
					"@executable_path/Frameworks",
				);
				MARKETING_VERSION = 1.0;
				PRODUCT_BUNDLE_IDENTIFIER = "Tarasha.Icebreaker-Bansal-S24";
				PRODUCT_NAME = "$(TARGET_NAME)";
				SWIFT_EMIT_LOC_STRINGS = YES;
				SWIFT_VERSION = 5.0;
				TARGETED_DEVICE_FAMILY = "1,2";
			};
			name = Debug;
		};
		296204B92B7304EA00EBAEAE /* Release */ = {
			isa = XCBuildConfiguration;
			buildSettings = {
				ASSETCATALOG_COMPILER_APPICON_NAME = AppIcon;
				ASSETCATALOG_COMPILER_GLOBAL_ACCENT_COLOR_NAME = AccentColor;
				CODE_SIGN_STYLE = Automatic;
				CURRENT_PROJECT_VERSION = 1;
				DEVELOPMENT_ASSET_PATHS = "\"Icebreaker-Bansal-S24/Preview Content\"";
				DEVELOPMENT_TEAM = VSBD8Q83DP;
				ENABLE_PREVIEWS = YES;
				GENERATE_INFOPLIST_FILE = YES;
				INFOPLIST_KEY_UIApplicationSceneManifest_Generation = YES;
				INFOPLIST_KEY_UIApplicationSupportsIndirectInputEvents = YES;
				INFOPLIST_KEY_UILaunchScreen_Generation = YES;
				INFOPLIST_KEY_UISupportedInterfaceOrientations_iPad = "UIInterfaceOrientationPortrait UIInterfaceOrientationPortraitUpsideDown UIInterfaceOrientationLandscapeLeft UIInterfaceOrientationLandscapeRight";
				INFOPLIST_KEY_UISupportedInterfaceOrientations_iPhone = "UIInterfaceOrientationPortrait UIInterfaceOrientationLandscapeLeft UIInterfaceOrientationLandscapeRight";
				LD_RUNPATH_SEARCH_PATHS = (
					"$(inherited)",
					"@executable_path/Frameworks",
				);
				MARKETING_VERSION = 1.0;
				PRODUCT_BUNDLE_IDENTIFIER = "Tarasha.Icebreaker-Bansal-S24";
				PRODUCT_NAME = "$(TARGET_NAME)";
				SWIFT_EMIT_LOC_STRINGS = YES;
				SWIFT_VERSION = 5.0;
				TARGETED_DEVICE_FAMILY = "1,2";
			};
			name = Release;
		};
/* End XCBuildConfiguration section */

/* Begin XCConfigurationList section */
		296204A42B7304E900EBAEAE /* Build configuration list for PBXProject "Icebreaker-Bansal-S24" */ = {
			isa = XCConfigurationList;
			buildConfigurations = (
				296204B52B7304EA00EBAEAE /* Debug */,
				296204B62B7304EA00EBAEAE /* Release */,
			);
			defaultConfigurationIsVisible = 0;
			defaultConfigurationName = Release;
		};
		296204B72B7304EA00EBAEAE /* Build configuration list for PBXNativeTarget "Icebreaker-Bansal-S24" */ = {
			isa = XCConfigurationList;
			buildConfigurations = (
				296204B82B7304EA00EBAEAE /* Debug */,
				296204B92B7304EA00EBAEAE /* Release */,
			);
			defaultConfigurationIsVisible = 0;
			defaultConfigurationName = Release;
		};
/* End XCConfigurationList section */

/* Begin XCRemoteSwiftPackageReference section */
		296204C02B73146200EBAEAE /* XCRemoteSwiftPackageReference "firebase-ios-sdk" */ = {
			isa = XCRemoteSwiftPackageReference;
			repositoryURL = "https://github.com/firebase/firebase-ios-sdk";
			requirement = {
				kind = upToNextMajorVersion;
				minimumVersion = 10.21.0;
			};
		};
/* End XCRemoteSwiftPackageReference section */

/* Begin XCSwiftPackageProductDependency section */
		296204C12B73146200EBAEAE /* FirebaseAnalytics */ = {
			isa = XCSwiftPackageProductDependency;
			package = 296204C02B73146200EBAEAE /* XCRemoteSwiftPackageReference "firebase-ios-sdk" */;
			productName = FirebaseAnalytics;
		};
		296204C32B73146200EBAEAE /* FirebaseAnalyticsOnDeviceConversion */ = {
			isa = XCSwiftPackageProductDependency;
			package = 296204C02B73146200EBAEAE /* XCRemoteSwiftPackageReference "firebase-ios-sdk" */;
			productName = FirebaseAnalyticsOnDeviceConversion;
		};
		296204C52B73146200EBAEAE /* FirebaseAnalyticsSwift */ = {
			isa = XCSwiftPackageProductDependency;
			package = 296204C02B73146200EBAEAE /* XCRemoteSwiftPackageReference "firebase-ios-sdk" */;
			productName = FirebaseAnalyticsSwift;
		};
		296204C72B73146200EBAEAE /* FirebaseAnalyticsWithoutAdIdSupport */ = {
			isa = XCSwiftPackageProductDependency;
			package = 296204C02B73146200EBAEAE /* XCRemoteSwiftPackageReference "firebase-ios-sdk" */;
			productName = FirebaseAnalyticsWithoutAdIdSupport;
		};
		296204C92B73146200EBAEAE /* FirebaseAppCheck */ = {
			isa = XCSwiftPackageProductDependency;
			package = 296204C02B73146200EBAEAE /* XCRemoteSwiftPackageReference "firebase-ios-sdk" */;
			productName = FirebaseAppCheck;
		};
		296204CC2B73180100EBAEAE /* FirebaseFirestore */ = {
			isa = XCSwiftPackageProductDependency;
			package = 296204C02B73146200EBAEAE /* XCRemoteSwiftPackageReference "firebase-ios-sdk" */;
			productName = FirebaseFirestore;
		};
/* End XCSwiftPackageProductDependency section */
	};
	rootObject = 296204A12B7304E900EBAEAE /* Project object */;
}
